// !$*UTF8*$!
{
	archiveVersion = 1;
	classes = {
	};
	objectVersion = 50;
	objects = {

/* Begin PBXBuildFile section */
		1799E86A0F7769CC825B03C6 /* ArabicNumberMapper.swift in Sources */ = {isa = PBXBuildFile; fileRef = 1799E9274D83E33E67BABBE8 /* ArabicNumberMapper.swift */; };
		41136EC428E6FC6200CBC079 /* ExpiryDateTests.swift in Sources */ = {isa = PBXBuildFile; fileRef = 41136EC328E6FC6200CBC079 /* ExpiryDateTests.swift */; };
		416FCBE526E3BBF80044639E /* MoyasarSdk.framework in Frameworks */ = {isa = PBXBuildFile; fileRef = 416FCBDB26E3BBF80044639E /* MoyasarSdk.framework */; };
		416FCBEA26E3BBF80044639E /* MoyasarSdkTests.swift in Sources */ = {isa = PBXBuildFile; fileRef = 416FCBE926E3BBF80044639E /* MoyasarSdkTests.swift */; };
		416FCBEC26E3BBF80044639E /* MoyasarSdk.h in Headers */ = {isa = PBXBuildFile; fileRef = 416FCBDE26E3BBF80044639E /* MoyasarSdk.h */; settings = {ATTRIBUTES = (Public, ); }; };
		416FCC0926E3BC9A0044639E /* ExpiryDate.swift in Sources */ = {isa = PBXBuildFile; fileRef = 416FCC0126E3BC9A0044639E /* ExpiryDate.swift */; };
		416FCC0A26E3BC9A0044639E /* CreditCardFormatter.swift in Sources */ = {isa = PBXBuildFile; fileRef = 416FCC0226E3BC9A0044639E /* CreditCardFormatter.swift */; };
		416FCC0B26E3BC9A0044639E /* CreditCardNetwork.swift in Sources */ = {isa = PBXBuildFile; fileRef = 416FCC0326E3BC9A0044639E /* CreditCardNetwork.swift */; };
		416FCC0C26E3BC9A0044639E /* StringExtensions.swift in Sources */ = {isa = PBXBuildFile; fileRef = 416FCC0426E3BC9A0044639E /* StringExtensions.swift */; };
		416FCC0D26E3BC9A0044639E /* CreditCardUtil.swift in Sources */ = {isa = PBXBuildFile; fileRef = 416FCC0526E3BC9A0044639E /* CreditCardUtil.swift */; };
		416FCC0E26E3BC9A0044639E /* MadaUtil.swift in Sources */ = {isa = PBXBuildFile; fileRef = 416FCC0626E3BC9A0044639E /* MadaUtil.swift */; };
		416FCC0F26E3BC9A0044639E /* ExpiryFormatter.swift in Sources */ = {isa = PBXBuildFile; fileRef = 416FCC0726E3BC9A0044639E /* ExpiryFormatter.swift */; };
		416FCC1026E3BC9A0044639E /* NSRegularExpressionExtensions.swift in Sources */ = {isa = PBXBuildFile; fileRef = 416FCC0826E3BC9A0044639E /* NSRegularExpressionExtensions.swift */; };
		416FCC1A26E3BD730044639E /* PaymentRequest.swift in Sources */ = {isa = PBXBuildFile; fileRef = 416FCC1226E3BD720044639E /* PaymentRequest.swift */; };
		416FCC1D26E3BD730044639E /* CreditCardViewModel.swift in Sources */ = {isa = PBXBuildFile; fileRef = 416FCC1526E3BD720044639E /* CreditCardViewModel.swift */; };
		416FCC2826E3BD970044639E /* SecurityCodeValidator.swift in Sources */ = {isa = PBXBuildFile; fileRef = 416FCC2326E3BD960044639E /* SecurityCodeValidator.swift */; };
		416FCC2926E3BD970044639E /* ExpiryValidator.swift in Sources */ = {isa = PBXBuildFile; fileRef = 416FCC2426E3BD970044639E /* ExpiryValidator.swift */; };
		416FCC2A26E3BD970044639E /* FieldValidator.swift in Sources */ = {isa = PBXBuildFile; fileRef = 416FCC2526E3BD970044639E /* FieldValidator.swift */; };
		416FCC2B26E3BD970044639E /* CardNumberValidator.swift in Sources */ = {isa = PBXBuildFile; fileRef = 416FCC2626E3BD970044639E /* CardNumberValidator.swift */; };
		416FCC2C26E3BD970044639E /* NameOnCardValidator.swift in Sources */ = {isa = PBXBuildFile; fileRef = 416FCC2726E3BD970044639E /* NameOnCardValidator.swift */; };
		416FCC3626E3BDE50044639E /* ApiStcPaySource.swift in Sources */ = {isa = PBXBuildFile; fileRef = 416FCC2F26E3BDE50044639E /* ApiStcPaySource.swift */; };
		416FCC3726E3BDE50044639E /* ApiCreditCardSource.swift in Sources */ = {isa = PBXBuildFile; fileRef = 416FCC3026E3BDE50044639E /* ApiCreditCardSource.swift */; };
		416FCC3826E3BDE50044639E /* ApiPaymentSource.swift in Sources */ = {isa = PBXBuildFile; fileRef = 416FCC3126E3BDE50044639E /* ApiPaymentSource.swift */; };
		416FCC3926E3BDE50044639E /* ApiError.swift in Sources */ = {isa = PBXBuildFile; fileRef = 416FCC3226E3BDE50044639E /* ApiError.swift */; };
		416FCC3A26E3BDE50044639E /* ApiPayment.swift in Sources */ = {isa = PBXBuildFile; fileRef = 416FCC3326E3BDE50044639E /* ApiPayment.swift */; };
		416FCC3B26E3BDE50044639E /* ApiPaymentRequest.swift in Sources */ = {isa = PBXBuildFile; fileRef = 416FCC3426E3BDE50044639E /* ApiPaymentRequest.swift */; };
		416FCC3C26E3BDE50044639E /* ApiApplePaySource.swift in Sources */ = {isa = PBXBuildFile; fileRef = 416FCC3526E3BDE50044639E /* ApiApplePaySource.swift */; };
		416FCC4226E3BDEB0044639E /* PaymentService.swift in Sources */ = {isa = PBXBuildFile; fileRef = 416FCC3E26E3BDEB0044639E /* PaymentService.swift */; };
		416FCC4326E3BDEB0044639E /* ApiResult.swift in Sources */ = {isa = PBXBuildFile; fileRef = 416FCC3F26E3BDEB0044639E /* ApiResult.swift */; };
		416FCC4426E3BDEB0044639E /* Moyasar.swift in Sources */ = {isa = PBXBuildFile; fileRef = 416FCC4026E3BDEB0044639E /* Moyasar.swift */; };
		416FCC4A26E3BE120044639E /* TextEditGroup.swift in Sources */ = {isa = PBXBuildFile; fileRef = 416FCC4726E3BE120044639E /* TextEditGroup.swift */; };
		416FCC4B26E3BE120044639E /* PaymentAuthView.swift in Sources */ = {isa = PBXBuildFile; fileRef = 416FCC4826E3BE120044639E /* PaymentAuthView.swift */; };
		416FCC4C26E3BE120044639E /* CreditCardInfoView.swift in Sources */ = {isa = PBXBuildFile; fileRef = 416FCC4926E3BE120044639E /* CreditCardInfoView.swift */; };
		416FCC5226E3BE160044639E /* CreditCardView.swift in Sources */ = {isa = PBXBuildFile; fileRef = 416FCC4E26E3BE160044639E /* CreditCardView.swift */; };
		416FCC5426E3BE160044639E /* StcPayView.swift in Sources */ = {isa = PBXBuildFile; fileRef = 416FCC5026E3BE160044639E /* StcPayView.swift */; };
		4178F05326F74B3900996AE0 /* MoyasarError.swift in Sources */ = {isa = PBXBuildFile; fileRef = 4178F05226F74B3900996AE0 /* MoyasarError.swift */; };
		4178F05526F764A900996AE0 /* ApiErrorTests.swift in Sources */ = {isa = PBXBuildFile; fileRef = 4178F05426F764A900996AE0 /* ApiErrorTests.swift */; };
		4178F05726F77E1300996AE0 /* PaymentSourceTests.swift in Sources */ = {isa = PBXBuildFile; fileRef = 4178F05626F77E1300996AE0 /* PaymentSourceTests.swift */; };
		4178F05926F7AF9F00996AE0 /* ApiPaymentTests.swift in Sources */ = {isa = PBXBuildFile; fileRef = 4178F05826F7AF9F00996AE0 /* ApiPaymentTests.swift */; };
		4178F05B26F9128500996AE0 /* CurrencyUtil.swift in Sources */ = {isa = PBXBuildFile; fileRef = 4178F05A26F9128500996AE0 /* CurrencyUtil.swift */; };
		4178F05D26F916B700996AE0 /* ActivityIndicator.swift in Sources */ = {isa = PBXBuildFile; fileRef = 4178F05C26F916B700996AE0 /* ActivityIndicator.swift */; };
		41879A1A26E780EE00C62582 /* Media.xcassets in Resources */ = {isa = PBXBuildFile; fileRef = 41879A1926E780EE00C62582 /* Media.xcassets */; };
		419247D62AB7056200430845 /* ApiTokenRequest.swift in Sources */ = {isa = PBXBuildFile; fileRef = 419247D52AB7056200430845 /* ApiTokenRequest.swift */; };
		419247D82AB712A700430845 /* ApiToken.swift in Sources */ = {isa = PBXBuildFile; fileRef = 419247D72AB712A700430845 /* ApiToken.swift */; };
		419D6807270E32E8003A0C62 /* BundleExtensions.swift in Sources */ = {isa = PBXBuildFile; fileRef = 419D6806270E32E8003A0C62 /* BundleExtensions.swift */; };
		41CEADCD26E7825200A201B4 /* ResultCallback.swift in Sources */ = {isa = PBXBuildFile; fileRef = 41CEADCC26E7825200A201B4 /* ResultCallback.swift */; };
		41CEADCF26E7829C00A201B4 /* PaymentResult.swift in Sources */ = {isa = PBXBuildFile; fileRef = 41CEADCE26E7829C00A201B4 /* PaymentResult.swift */; };
		41FFA9C226FF423200D7FD4A /* Localizable.strings in Resources */ = {isa = PBXBuildFile; fileRef = 41FFA9C426FF423200D7FD4A /* Localizable.strings */; };
		41FFA9C726FF4BE800D7FD4A /* ApplePayService.swift in Sources */ = {isa = PBXBuildFile; fileRef = 41FFA9C626FF4BE800D7FD4A /* ApplePayService.swift */; };
/* End PBXBuildFile section */

/* Begin PBXContainerItemProxy section */
		416FCBE626E3BBF80044639E /* PBXContainerItemProxy */ = {
			isa = PBXContainerItemProxy;
			containerPortal = 416FCBD226E3BBF80044639E /* Project object */;
			proxyType = 1;
			remoteGlobalIDString = 416FCBDA26E3BBF80044639E;
			remoteInfo = MoyasarSdk;
		};
/* End PBXContainerItemProxy section */

/* Begin PBXFileReference section */
		1799E9274D83E33E67BABBE8 /* ArabicNumberMapper.swift */ = {isa = PBXFileReference; fileEncoding = 4; lastKnownFileType = sourcecode.swift; path = ArabicNumberMapper.swift; sourceTree = "<group>"; };
		41136EC328E6FC6200CBC079 /* ExpiryDateTests.swift */ = {isa = PBXFileReference; lastKnownFileType = sourcecode.swift; path = ExpiryDateTests.swift; sourceTree = "<group>"; };
		416FCBDB26E3BBF80044639E /* MoyasarSdk.framework */ = {isa = PBXFileReference; explicitFileType = wrapper.framework; includeInIndex = 0; path = MoyasarSdk.framework; sourceTree = BUILT_PRODUCTS_DIR; };
		416FCBDE26E3BBF80044639E /* MoyasarSdk.h */ = {isa = PBXFileReference; lastKnownFileType = sourcecode.c.h; path = MoyasarSdk.h; sourceTree = "<group>"; };
		416FCBDF26E3BBF80044639E /* Info.plist */ = {isa = PBXFileReference; lastKnownFileType = text.plist.xml; path = Info.plist; sourceTree = "<group>"; };
		416FCBE426E3BBF80044639E /* MoyasarSdkTests.xctest */ = {isa = PBXFileReference; explicitFileType = wrapper.cfbundle; includeInIndex = 0; path = MoyasarSdkTests.xctest; sourceTree = BUILT_PRODUCTS_DIR; };
		416FCBE926E3BBF80044639E /* MoyasarSdkTests.swift */ = {isa = PBXFileReference; lastKnownFileType = sourcecode.swift; path = MoyasarSdkTests.swift; sourceTree = "<group>"; };
		416FCBEB26E3BBF80044639E /* Info.plist */ = {isa = PBXFileReference; lastKnownFileType = text.plist.xml; path = Info.plist; sourceTree = "<group>"; };
		416FCC0126E3BC9A0044639E /* ExpiryDate.swift */ = {isa = PBXFileReference; fileEncoding = 4; lastKnownFileType = sourcecode.swift; path = ExpiryDate.swift; sourceTree = "<group>"; };
		416FCC0226E3BC9A0044639E /* CreditCardFormatter.swift */ = {isa = PBXFileReference; fileEncoding = 4; lastKnownFileType = sourcecode.swift; path = CreditCardFormatter.swift; sourceTree = "<group>"; };
		416FCC0326E3BC9A0044639E /* CreditCardNetwork.swift */ = {isa = PBXFileReference; fileEncoding = 4; lastKnownFileType = sourcecode.swift; path = CreditCardNetwork.swift; sourceTree = "<group>"; };
		416FCC0426E3BC9A0044639E /* StringExtensions.swift */ = {isa = PBXFileReference; fileEncoding = 4; lastKnownFileType = sourcecode.swift; path = StringExtensions.swift; sourceTree = "<group>"; };
		416FCC0526E3BC9A0044639E /* CreditCardUtil.swift */ = {isa = PBXFileReference; fileEncoding = 4; lastKnownFileType = sourcecode.swift; path = CreditCardUtil.swift; sourceTree = "<group>"; };
		416FCC0626E3BC9A0044639E /* MadaUtil.swift */ = {isa = PBXFileReference; fileEncoding = 4; lastKnownFileType = sourcecode.swift; path = MadaUtil.swift; sourceTree = "<group>"; };
		416FCC0726E3BC9A0044639E /* ExpiryFormatter.swift */ = {isa = PBXFileReference; fileEncoding = 4; lastKnownFileType = sourcecode.swift; path = ExpiryFormatter.swift; sourceTree = "<group>"; };
		416FCC0826E3BC9A0044639E /* NSRegularExpressionExtensions.swift */ = {isa = PBXFileReference; fileEncoding = 4; lastKnownFileType = sourcecode.swift; path = NSRegularExpressionExtensions.swift; sourceTree = "<group>"; };
		416FCC1226E3BD720044639E /* PaymentRequest.swift */ = {isa = PBXFileReference; fileEncoding = 4; lastKnownFileType = sourcecode.swift; path = PaymentRequest.swift; sourceTree = "<group>"; };
		416FCC1526E3BD720044639E /* CreditCardViewModel.swift */ = {isa = PBXFileReference; fileEncoding = 4; lastKnownFileType = sourcecode.swift; path = CreditCardViewModel.swift; sourceTree = "<group>"; };
		416FCC2326E3BD960044639E /* SecurityCodeValidator.swift */ = {isa = PBXFileReference; fileEncoding = 4; lastKnownFileType = sourcecode.swift; path = SecurityCodeValidator.swift; sourceTree = "<group>"; };
		416FCC2426E3BD970044639E /* ExpiryValidator.swift */ = {isa = PBXFileReference; fileEncoding = 4; lastKnownFileType = sourcecode.swift; path = ExpiryValidator.swift; sourceTree = "<group>"; };
		416FCC2526E3BD970044639E /* FieldValidator.swift */ = {isa = PBXFileReference; fileEncoding = 4; lastKnownFileType = sourcecode.swift; path = FieldValidator.swift; sourceTree = "<group>"; };
		416FCC2626E3BD970044639E /* CardNumberValidator.swift */ = {isa = PBXFileReference; fileEncoding = 4; lastKnownFileType = sourcecode.swift; path = CardNumberValidator.swift; sourceTree = "<group>"; };
		416FCC2726E3BD970044639E /* NameOnCardValidator.swift */ = {isa = PBXFileReference; fileEncoding = 4; lastKnownFileType = sourcecode.swift; path = NameOnCardValidator.swift; sourceTree = "<group>"; };
		416FCC2F26E3BDE50044639E /* ApiStcPaySource.swift */ = {isa = PBXFileReference; fileEncoding = 4; lastKnownFileType = sourcecode.swift; path = ApiStcPaySource.swift; sourceTree = "<group>"; };
		416FCC3026E3BDE50044639E /* ApiCreditCardSource.swift */ = {isa = PBXFileReference; fileEncoding = 4; lastKnownFileType = sourcecode.swift; path = ApiCreditCardSource.swift; sourceTree = "<group>"; };
		416FCC3126E3BDE50044639E /* ApiPaymentSource.swift */ = {isa = PBXFileReference; fileEncoding = 4; lastKnownFileType = sourcecode.swift; path = ApiPaymentSource.swift; sourceTree = "<group>"; };
		416FCC3226E3BDE50044639E /* ApiError.swift */ = {isa = PBXFileReference; fileEncoding = 4; lastKnownFileType = sourcecode.swift; path = ApiError.swift; sourceTree = "<group>"; };
		416FCC3326E3BDE50044639E /* ApiPayment.swift */ = {isa = PBXFileReference; fileEncoding = 4; lastKnownFileType = sourcecode.swift; path = ApiPayment.swift; sourceTree = "<group>"; };
		416FCC3426E3BDE50044639E /* ApiPaymentRequest.swift */ = {isa = PBXFileReference; fileEncoding = 4; lastKnownFileType = sourcecode.swift; path = ApiPaymentRequest.swift; sourceTree = "<group>"; };
		416FCC3526E3BDE50044639E /* ApiApplePaySource.swift */ = {isa = PBXFileReference; fileEncoding = 4; lastKnownFileType = sourcecode.swift; path = ApiApplePaySource.swift; sourceTree = "<group>"; };
		416FCC3E26E3BDEB0044639E /* PaymentService.swift */ = {isa = PBXFileReference; fileEncoding = 4; lastKnownFileType = sourcecode.swift; path = PaymentService.swift; sourceTree = "<group>"; };
		416FCC3F26E3BDEB0044639E /* ApiResult.swift */ = {isa = PBXFileReference; fileEncoding = 4; lastKnownFileType = sourcecode.swift; path = ApiResult.swift; sourceTree = "<group>"; };
		416FCC4026E3BDEB0044639E /* Moyasar.swift */ = {isa = PBXFileReference; fileEncoding = 4; lastKnownFileType = sourcecode.swift; path = Moyasar.swift; sourceTree = "<group>"; };
		416FCC4726E3BE120044639E /* TextEditGroup.swift */ = {isa = PBXFileReference; fileEncoding = 4; lastKnownFileType = sourcecode.swift; path = TextEditGroup.swift; sourceTree = "<group>"; };
		416FCC4826E3BE120044639E /* PaymentAuthView.swift */ = {isa = PBXFileReference; fileEncoding = 4; lastKnownFileType = sourcecode.swift; path = PaymentAuthView.swift; sourceTree = "<group>"; };
		416FCC4926E3BE120044639E /* CreditCardInfoView.swift */ = {isa = PBXFileReference; fileEncoding = 4; lastKnownFileType = sourcecode.swift; path = CreditCardInfoView.swift; sourceTree = "<group>"; };
		416FCC4E26E3BE160044639E /* CreditCardView.swift */ = {isa = PBXFileReference; fileEncoding = 4; lastKnownFileType = sourcecode.swift; path = CreditCardView.swift; sourceTree = "<group>"; };
		416FCC5026E3BE160044639E /* StcPayView.swift */ = {isa = PBXFileReference; fileEncoding = 4; lastKnownFileType = sourcecode.swift; path = StcPayView.swift; sourceTree = "<group>"; };
		4178F05226F74B3900996AE0 /* MoyasarError.swift */ = {isa = PBXFileReference; lastKnownFileType = sourcecode.swift; path = MoyasarError.swift; sourceTree = "<group>"; };
		4178F05426F764A900996AE0 /* ApiErrorTests.swift */ = {isa = PBXFileReference; lastKnownFileType = sourcecode.swift; path = ApiErrorTests.swift; sourceTree = "<group>"; };
		4178F05626F77E1300996AE0 /* PaymentSourceTests.swift */ = {isa = PBXFileReference; lastKnownFileType = sourcecode.swift; path = PaymentSourceTests.swift; sourceTree = "<group>"; };
		4178F05826F7AF9F00996AE0 /* ApiPaymentTests.swift */ = {isa = PBXFileReference; lastKnownFileType = sourcecode.swift; path = ApiPaymentTests.swift; sourceTree = "<group>"; };
		4178F05A26F9128500996AE0 /* CurrencyUtil.swift */ = {isa = PBXFileReference; lastKnownFileType = sourcecode.swift; path = CurrencyUtil.swift; sourceTree = "<group>"; };
		4178F05C26F916B700996AE0 /* ActivityIndicator.swift */ = {isa = PBXFileReference; lastKnownFileType = sourcecode.swift; path = ActivityIndicator.swift; sourceTree = "<group>"; };
		41879A1926E780EE00C62582 /* Media.xcassets */ = {isa = PBXFileReference; lastKnownFileType = folder.assetcatalog; path = Media.xcassets; sourceTree = "<group>"; };
		419247D52AB7056200430845 /* ApiTokenRequest.swift */ = {isa = PBXFileReference; lastKnownFileType = sourcecode.swift; path = ApiTokenRequest.swift; sourceTree = "<group>"; };
		419247D72AB712A700430845 /* ApiToken.swift */ = {isa = PBXFileReference; lastKnownFileType = sourcecode.swift; path = ApiToken.swift; sourceTree = "<group>"; };
		419D6806270E32E8003A0C62 /* BundleExtensions.swift */ = {isa = PBXFileReference; lastKnownFileType = sourcecode.swift; path = BundleExtensions.swift; sourceTree = "<group>"; };
		41CEADCC26E7825200A201B4 /* ResultCallback.swift */ = {isa = PBXFileReference; lastKnownFileType = sourcecode.swift; path = ResultCallback.swift; sourceTree = "<group>"; };
		41CEADCE26E7829C00A201B4 /* PaymentResult.swift */ = {isa = PBXFileReference; lastKnownFileType = sourcecode.swift; path = PaymentResult.swift; sourceTree = "<group>"; };
		41FFA9C326FF423200D7FD4A /* ar */ = {isa = PBXFileReference; lastKnownFileType = text.plist.strings; name = ar; path = ar.lproj/Localizable.strings; sourceTree = "<group>"; };
		41FFA9C526FF423500D7FD4A /* en */ = {isa = PBXFileReference; lastKnownFileType = text.plist.strings; name = en; path = en.lproj/Localizable.strings; sourceTree = "<group>"; };
		41FFA9C626FF4BE800D7FD4A /* ApplePayService.swift */ = {isa = PBXFileReference; lastKnownFileType = sourcecode.swift; path = ApplePayService.swift; sourceTree = "<group>"; };
/* End PBXFileReference section */

/* Begin PBXFrameworksBuildPhase section */
		416FCBD826E3BBF80044639E /* Frameworks */ = {
			isa = PBXFrameworksBuildPhase;
			buildActionMask = 2147483647;
			files = (
			);
			runOnlyForDeploymentPostprocessing = 0;
		};
		416FCBE126E3BBF80044639E /* Frameworks */ = {
			isa = PBXFrameworksBuildPhase;
			buildActionMask = 2147483647;
			files = (
				416FCBE526E3BBF80044639E /* MoyasarSdk.framework in Frameworks */,
			);
			runOnlyForDeploymentPostprocessing = 0;
		};
/* End PBXFrameworksBuildPhase section */

/* Begin PBXGroup section */
		416FCBD126E3BBF80044639E = {
			isa = PBXGroup;
			children = (
				416FCBDD26E3BBF80044639E /* MoyasarSdk */,
				416FCBE826E3BBF80044639E /* MoyasarSdkTests */,
				416FCBDC26E3BBF80044639E /* Products */,
			);
			sourceTree = "<group>";
		};
		416FCBDC26E3BBF80044639E /* Products */ = {
			isa = PBXGroup;
			children = (
				416FCBDB26E3BBF80044639E /* MoyasarSdk.framework */,
				416FCBE426E3BBF80044639E /* MoyasarSdkTests.xctest */,
			);
			name = Products;
			sourceTree = "<group>";
		};
		416FCBDD26E3BBF80044639E /* MoyasarSdk */ = {
			isa = PBXGroup;
			children = (
				4178F05126F74B1F00996AE0 /* Errors */,
				416FCC4526E3BDF70044639E /* Views */,
				416FCC2D26E3BDC50044639E /* Services */,
				416FCC1126E3BD660044639E /* Models */,
				416FCC0026E3BC880044639E /* Helpers */,
				416FCBDE26E3BBF80044639E /* MoyasarSdk.h */,
				416FCBDF26E3BBF80044639E /* Info.plist */,
				41879A1926E780EE00C62582 /* Media.xcassets */,
				41FFA9C426FF423200D7FD4A /* Localizable.strings */,
			);
			path = MoyasarSdk;
			sourceTree = "<group>";
		};
		416FCBE826E3BBF80044639E /* MoyasarSdkTests */ = {
			isa = PBXGroup;
			children = (
				416FCBE926E3BBF80044639E /* MoyasarSdkTests.swift */,
				4178F05426F764A900996AE0 /* ApiErrorTests.swift */,
				4178F05626F77E1300996AE0 /* PaymentSourceTests.swift */,
				416FCBEB26E3BBF80044639E /* Info.plist */,
				4178F05826F7AF9F00996AE0 /* ApiPaymentTests.swift */,
				41136EC328E6FC6200CBC079 /* ExpiryDateTests.swift */,
			);
			path = MoyasarSdkTests;
			sourceTree = "<group>";
		};
		416FCC0026E3BC880044639E /* Helpers */ = {
			isa = PBXGroup;
			children = (
				416FCC0226E3BC9A0044639E /* CreditCardFormatter.swift */,
				416FCC0326E3BC9A0044639E /* CreditCardNetwork.swift */,
				416FCC0526E3BC9A0044639E /* CreditCardUtil.swift */,
				416FCC0126E3BC9A0044639E /* ExpiryDate.swift */,
				416FCC0726E3BC9A0044639E /* ExpiryFormatter.swift */,
				416FCC0626E3BC9A0044639E /* MadaUtil.swift */,
				416FCC0826E3BC9A0044639E /* NSRegularExpressionExtensions.swift */,
				416FCC0426E3BC9A0044639E /* StringExtensions.swift */,
				4178F05A26F9128500996AE0 /* CurrencyUtil.swift */,
				419D6806270E32E8003A0C62 /* BundleExtensions.swift */,
				1799E9274D83E33E67BABBE8 /* ArabicNumberMapper.swift */,
			);
			path = Helpers;
			sourceTree = "<group>";
		};
		416FCC1126E3BD660044639E /* Models */ = {
			isa = PBXGroup;
			children = (
				416FCC2226E3BD8B0044639E /* Validators */,
				416FCC1526E3BD720044639E /* CreditCardViewModel.swift */,
				41CEADCC26E7825200A201B4 /* ResultCallback.swift */,
				416FCC1226E3BD720044639E /* PaymentRequest.swift */,
				41CEADCE26E7829C00A201B4 /* PaymentResult.swift */,
			);
			path = Models;
			sourceTree = "<group>";
		};
		416FCC2226E3BD8B0044639E /* Validators */ = {
			isa = PBXGroup;
			children = (
				416FCC2626E3BD970044639E /* CardNumberValidator.swift */,
				416FCC2426E3BD970044639E /* ExpiryValidator.swift */,
				416FCC2526E3BD970044639E /* FieldValidator.swift */,
				416FCC2726E3BD970044639E /* NameOnCardValidator.swift */,
				416FCC2326E3BD960044639E /* SecurityCodeValidator.swift */,
			);
			path = Validators;
			sourceTree = "<group>";
		};
		416FCC2D26E3BDC50044639E /* Services */ = {
			isa = PBXGroup;
			children = (
				416FCC3F26E3BDEB0044639E /* ApiResult.swift */,
				416FCC4026E3BDEB0044639E /* Moyasar.swift */,
				416FCC3E26E3BDEB0044639E /* PaymentService.swift */,
				41FFA9C626FF4BE800D7FD4A /* ApplePayService.swift */,
				416FCC2E26E3BDDC0044639E /* Models */,
			);
			path = Services;
			sourceTree = "<group>";
		};
		416FCC2E26E3BDDC0044639E /* Models */ = {
			isa = PBXGroup;
			children = (
				416FCC3526E3BDE50044639E /* ApiApplePaySource.swift */,
				416FCC3026E3BDE50044639E /* ApiCreditCardSource.swift */,
				416FCC3226E3BDE50044639E /* ApiError.swift */,
				416FCC3326E3BDE50044639E /* ApiPayment.swift */,
				416FCC3426E3BDE50044639E /* ApiPaymentRequest.swift */,
				419247D52AB7056200430845 /* ApiTokenRequest.swift */,
				416FCC3126E3BDE50044639E /* ApiPaymentSource.swift */,
				416FCC2F26E3BDE50044639E /* ApiStcPaySource.swift */,
				419247D72AB712A700430845 /* ApiToken.swift */,
			);
			path = Models;
			sourceTree = "<group>";
		};
		416FCC4526E3BDF70044639E /* Views */ = {
			isa = PBXGroup;
			children = (
				416FCC4E26E3BE160044639E /* CreditCardView.swift */,
				416FCC5026E3BE160044639E /* StcPayView.swift */,
				416FCC4826E3BE120044639E /* PaymentAuthView.swift */,
				416FCC4626E3BE0B0044639E /* Components */,
			);
			path = Views;
			sourceTree = "<group>";
		};
		416FCC4626E3BE0B0044639E /* Components */ = {
			isa = PBXGroup;
			children = (
				416FCC4926E3BE120044639E /* CreditCardInfoView.swift */,
				416FCC4726E3BE120044639E /* TextEditGroup.swift */,
				4178F05C26F916B700996AE0 /* ActivityIndicator.swift */,
			);
			path = Components;
			sourceTree = "<group>";
		};
		4178F05126F74B1F00996AE0 /* Errors */ = {
			isa = PBXGroup;
			children = (
				4178F05226F74B3900996AE0 /* MoyasarError.swift */,
			);
			path = Errors;
			sourceTree = "<group>";
		};
/* End PBXGroup section */

/* Begin PBXHeadersBuildPhase section */
		416FCBD626E3BBF80044639E /* Headers */ = {
			isa = PBXHeadersBuildPhase;
			buildActionMask = 2147483647;
			files = (
				416FCBEC26E3BBF80044639E /* MoyasarSdk.h in Headers */,
			);
			runOnlyForDeploymentPostprocessing = 0;
		};
/* End PBXHeadersBuildPhase section */

/* Begin PBXNativeTarget section */
		416FCBDA26E3BBF80044639E /* MoyasarSdk */ = {
			isa = PBXNativeTarget;
			buildConfigurationList = 416FCBEF26E3BBF80044639E /* Build configuration list for PBXNativeTarget "MoyasarSdk" */;
			buildPhases = (
				416FCBD626E3BBF80044639E /* Headers */,
				416FCBD726E3BBF80044639E /* Sources */,
				416FCBD826E3BBF80044639E /* Frameworks */,
				416FCBD926E3BBF80044639E /* Resources */,
			);
			buildRules = (
			);
			dependencies = (
			);
			name = MoyasarSdk;
			productName = MoyasarSdk;
			productReference = 416FCBDB26E3BBF80044639E /* MoyasarSdk.framework */;
			productType = "com.apple.product-type.framework";
		};
		416FCBE326E3BBF80044639E /* MoyasarSdkTests */ = {
			isa = PBXNativeTarget;
			buildConfigurationList = 416FCBF226E3BBF80044639E /* Build configuration list for PBXNativeTarget "MoyasarSdkTests" */;
			buildPhases = (
				416FCBE026E3BBF80044639E /* Sources */,
				416FCBE126E3BBF80044639E /* Frameworks */,
				416FCBE226E3BBF80044639E /* Resources */,
			);
			buildRules = (
			);
			dependencies = (
				416FCBE726E3BBF80044639E /* PBXTargetDependency */,
			);
			name = MoyasarSdkTests;
			productName = MoyasarSdkTests;
			productReference = 416FCBE426E3BBF80044639E /* MoyasarSdkTests.xctest */;
			productType = "com.apple.product-type.bundle.unit-test";
		};
/* End PBXNativeTarget section */

/* Begin PBXProject section */
		416FCBD226E3BBF80044639E /* Project object */ = {
			isa = PBXProject;
			attributes = {
				LastSwiftUpdateCheck = 1250;
				LastUpgradeCheck = 1250;
				TargetAttributes = {
					416FCBDA26E3BBF80044639E = {
						CreatedOnToolsVersion = 12.5.1;
					};
					416FCBE326E3BBF80044639E = {
						CreatedOnToolsVersion = 12.5.1;
					};
				};
			};
			buildConfigurationList = 416FCBD526E3BBF80044639E /* Build configuration list for PBXProject "MoyasarSdk" */;
			compatibilityVersion = "Xcode 9.3";
			developmentRegion = en;
			hasScannedForEncodings = 0;
			knownRegions = (
				en,
				ar,
			);
			mainGroup = 416FCBD126E3BBF80044639E;
			productRefGroup = 416FCBDC26E3BBF80044639E /* Products */;
			projectDirPath = "";
			projectRoot = "";
			targets = (
				416FCBDA26E3BBF80044639E /* MoyasarSdk */,
				416FCBE326E3BBF80044639E /* MoyasarSdkTests */,
			);
		};
/* End PBXProject section */

/* Begin PBXResourcesBuildPhase section */
		416FCBD926E3BBF80044639E /* Resources */ = {
			isa = PBXResourcesBuildPhase;
			buildActionMask = 2147483647;
			files = (
				41879A1A26E780EE00C62582 /* Media.xcassets in Resources */,
				41FFA9C226FF423200D7FD4A /* Localizable.strings in Resources */,
			);
			runOnlyForDeploymentPostprocessing = 0;
		};
		416FCBE226E3BBF80044639E /* Resources */ = {
			isa = PBXResourcesBuildPhase;
			buildActionMask = 2147483647;
			files = (
			);
			runOnlyForDeploymentPostprocessing = 0;
		};
/* End PBXResourcesBuildPhase section */

/* Begin PBXSourcesBuildPhase section */
		416FCBD726E3BBF80044639E /* Sources */ = {
			isa = PBXSourcesBuildPhase;
			buildActionMask = 2147483647;
			files = (
				416FCC0C26E3BC9A0044639E /* StringExtensions.swift in Sources */,
				416FCC1026E3BC9A0044639E /* NSRegularExpressionExtensions.swift in Sources */,
				416FCC3826E3BDE50044639E /* ApiPaymentSource.swift in Sources */,
				416FCC2C26E3BD970044639E /* NameOnCardValidator.swift in Sources */,
				419247D82AB712A700430845 /* ApiToken.swift in Sources */,
				416FCC3A26E3BDE50044639E /* ApiPayment.swift in Sources */,
				416FCC4A26E3BE120044639E /* TextEditGroup.swift in Sources */,
				416FCC3926E3BDE50044639E /* ApiError.swift in Sources */,
				416FCC4226E3BDEB0044639E /* PaymentService.swift in Sources */,
				416FCC0926E3BC9A0044639E /* ExpiryDate.swift in Sources */,
				4178F05326F74B3900996AE0 /* MoyasarError.swift in Sources */,
				416FCC2B26E3BD970044639E /* CardNumberValidator.swift in Sources */,
				416FCC1A26E3BD730044639E /* PaymentRequest.swift in Sources */,
				416FCC5426E3BE160044639E /* StcPayView.swift in Sources */,
				41FFA9C726FF4BE800D7FD4A /* ApplePayService.swift in Sources */,
				416FCC0B26E3BC9A0044639E /* CreditCardNetwork.swift in Sources */,
				416FCC3C26E3BDE50044639E /* ApiApplePaySource.swift in Sources */,
				416FCC2A26E3BD970044639E /* FieldValidator.swift in Sources */,
				4178F05D26F916B700996AE0 /* ActivityIndicator.swift in Sources */,
				416FCC0D26E3BC9A0044639E /* CreditCardUtil.swift in Sources */,
				419D6807270E32E8003A0C62 /* BundleExtensions.swift in Sources */,
				416FCC0F26E3BC9A0044639E /* ExpiryFormatter.swift in Sources */,
				416FCC4B26E3BE120044639E /* PaymentAuthView.swift in Sources */,
				41CEADCF26E7829C00A201B4 /* PaymentResult.swift in Sources */,
				416FCC1D26E3BD730044639E /* CreditCardViewModel.swift in Sources */,
				416FCC5226E3BE160044639E /* CreditCardView.swift in Sources */,
				41CEADCD26E7825200A201B4 /* ResultCallback.swift in Sources */,
				416FCC3726E3BDE50044639E /* ApiCreditCardSource.swift in Sources */,
				4178F05B26F9128500996AE0 /* CurrencyUtil.swift in Sources */,
				416FCC4C26E3BE120044639E /* CreditCardInfoView.swift in Sources */,
				416FCC2926E3BD970044639E /* ExpiryValidator.swift in Sources */,
				416FCC0E26E3BC9A0044639E /* MadaUtil.swift in Sources */,
				416FCC0A26E3BC9A0044639E /* CreditCardFormatter.swift in Sources */,
				416FCC3B26E3BDE50044639E /* ApiPaymentRequest.swift in Sources */,
				416FCC4426E3BDEB0044639E /* Moyasar.swift in Sources */,
				416FCC4326E3BDEB0044639E /* ApiResult.swift in Sources */,
				416FCC3626E3BDE50044639E /* ApiStcPaySource.swift in Sources */,
				419247D62AB7056200430845 /* ApiTokenRequest.swift in Sources */,
				416FCC2826E3BD970044639E /* SecurityCodeValidator.swift in Sources */,
				1799E86A0F7769CC825B03C6 /* ArabicNumberMapper.swift in Sources */,
			);
			runOnlyForDeploymentPostprocessing = 0;
		};
		416FCBE026E3BBF80044639E /* Sources */ = {
			isa = PBXSourcesBuildPhase;
			buildActionMask = 2147483647;
			files = (
				416FCBEA26E3BBF80044639E /* MoyasarSdkTests.swift in Sources */,
				4178F05726F77E1300996AE0 /* PaymentSourceTests.swift in Sources */,
				41136EC428E6FC6200CBC079 /* ExpiryDateTests.swift in Sources */,
				4178F05526F764A900996AE0 /* ApiErrorTests.swift in Sources */,
				4178F05926F7AF9F00996AE0 /* ApiPaymentTests.swift in Sources */,
			);
			runOnlyForDeploymentPostprocessing = 0;
		};
/* End PBXSourcesBuildPhase section */

/* Begin PBXTargetDependency section */
		416FCBE726E3BBF80044639E /* PBXTargetDependency */ = {
			isa = PBXTargetDependency;
			target = 416FCBDA26E3BBF80044639E /* MoyasarSdk */;
			targetProxy = 416FCBE626E3BBF80044639E /* PBXContainerItemProxy */;
		};
/* End PBXTargetDependency section */

/* Begin PBXVariantGroup section */
		41FFA9C426FF423200D7FD4A /* Localizable.strings */ = {
			isa = PBXVariantGroup;
			children = (
				41FFA9C326FF423200D7FD4A /* ar */,
				41FFA9C526FF423500D7FD4A /* en */,
			);
			name = Localizable.strings;
			sourceTree = "<group>";
		};
/* End PBXVariantGroup section */

/* Begin XCBuildConfiguration section */
		416FCBED26E3BBF80044639E /* Debug */ = {
			isa = XCBuildConfiguration;
			buildSettings = {
				ALWAYS_SEARCH_USER_PATHS = NO;
				BUILD_LIBRARY_FOR_DISTRIBUTION = YES;
				CLANG_ANALYZER_NONNULL = YES;
				CLANG_ANALYZER_NUMBER_OBJECT_CONVERSION = YES_AGGRESSIVE;
				CLANG_CXX_LANGUAGE_STANDARD = "gnu++14";
				CLANG_CXX_LIBRARY = "libc++";
				CLANG_ENABLE_MODULES = YES;
				CLANG_ENABLE_OBJC_ARC = YES;
				CLANG_ENABLE_OBJC_WEAK = YES;
				CLANG_WARN_BLOCK_CAPTURE_AUTORELEASING = YES;
				CLANG_WARN_BOOL_CONVERSION = YES;
				CLANG_WARN_COMMA = YES;
				CLANG_WARN_CONSTANT_CONVERSION = YES;
				CLANG_WARN_DEPRECATED_OBJC_IMPLEMENTATIONS = YES;
				CLANG_WARN_DIRECT_OBJC_ISA_USAGE = YES_ERROR;
				CLANG_WARN_DOCUMENTATION_COMMENTS = YES;
				CLANG_WARN_EMPTY_BODY = YES;
				CLANG_WARN_ENUM_CONVERSION = YES;
				CLANG_WARN_INFINITE_RECURSION = YES;
				CLANG_WARN_INT_CONVERSION = YES;
				CLANG_WARN_NON_LITERAL_NULL_CONVERSION = YES;
				CLANG_WARN_OBJC_IMPLICIT_RETAIN_SELF = YES;
				CLANG_WARN_OBJC_LITERAL_CONVERSION = YES;
				CLANG_WARN_OBJC_ROOT_CLASS = YES_ERROR;
				CLANG_WARN_QUOTED_INCLUDE_IN_FRAMEWORK_HEADER = YES;
				CLANG_WARN_RANGE_LOOP_ANALYSIS = YES;
				CLANG_WARN_STRICT_PROTOTYPES = YES;
				CLANG_WARN_SUSPICIOUS_MOVE = YES;
				CLANG_WARN_UNGUARDED_AVAILABILITY = YES_AGGRESSIVE;
				CLANG_WARN_UNREACHABLE_CODE = YES;
				CLANG_WARN__DUPLICATE_METHOD_MATCH = YES;
				COPY_PHASE_STRIP = NO;
				CURRENT_PROJECT_VERSION = 1;
				DEBUG_INFORMATION_FORMAT = dwarf;
				ENABLE_STRICT_OBJC_MSGSEND = YES;
				ENABLE_TESTABILITY = YES;
				GCC_C_LANGUAGE_STANDARD = gnu11;
				GCC_DYNAMIC_NO_PIC = NO;
				GCC_NO_COMMON_BLOCKS = YES;
				GCC_OPTIMIZATION_LEVEL = 0;
				GCC_PREPROCESSOR_DEFINITIONS = (
					"DEBUG=1",
					"$(inherited)",
				);
				GCC_WARN_64_TO_32_BIT_CONVERSION = YES;
				GCC_WARN_ABOUT_RETURN_TYPE = YES_ERROR;
				GCC_WARN_UNDECLARED_SELECTOR = YES;
				GCC_WARN_UNINITIALIZED_AUTOS = YES_AGGRESSIVE;
				GCC_WARN_UNUSED_FUNCTION = YES;
				GCC_WARN_UNUSED_VARIABLE = YES;
				IPHONEOS_DEPLOYMENT_TARGET = 13.0;
				MTL_ENABLE_DEBUG_INFO = INCLUDE_SOURCE;
				MTL_FAST_MATH = YES;
				ONLY_ACTIVE_ARCH = YES;
				SDKROOT = iphoneos;
				SWIFT_ACTIVE_COMPILATION_CONDITIONS = DEBUG;
				SWIFT_OPTIMIZATION_LEVEL = "-Onone";
				SWIFT_VERSION = 5.0;
				VERSIONING_SYSTEM = "apple-generic";
				VERSION_INFO_PREFIX = "";
			};
			name = Debug;
		};
		416FCBEE26E3BBF80044639E /* Release */ = {
			isa = XCBuildConfiguration;
			buildSettings = {
				ALWAYS_SEARCH_USER_PATHS = NO;
				BUILD_LIBRARY_FOR_DISTRIBUTION = YES;
				CLANG_ANALYZER_NONNULL = YES;
				CLANG_ANALYZER_NUMBER_OBJECT_CONVERSION = YES_AGGRESSIVE;
				CLANG_CXX_LANGUAGE_STANDARD = "gnu++14";
				CLANG_CXX_LIBRARY = "libc++";
				CLANG_ENABLE_MODULES = YES;
				CLANG_ENABLE_OBJC_ARC = YES;
				CLANG_ENABLE_OBJC_WEAK = YES;
				CLANG_WARN_BLOCK_CAPTURE_AUTORELEASING = YES;
				CLANG_WARN_BOOL_CONVERSION = YES;
				CLANG_WARN_COMMA = YES;
				CLANG_WARN_CONSTANT_CONVERSION = YES;
				CLANG_WARN_DEPRECATED_OBJC_IMPLEMENTATIONS = YES;
				CLANG_WARN_DIRECT_OBJC_ISA_USAGE = YES_ERROR;
				CLANG_WARN_DOCUMENTATION_COMMENTS = YES;
				CLANG_WARN_EMPTY_BODY = YES;
				CLANG_WARN_ENUM_CONVERSION = YES;
				CLANG_WARN_INFINITE_RECURSION = YES;
				CLANG_WARN_INT_CONVERSION = YES;
				CLANG_WARN_NON_LITERAL_NULL_CONVERSION = YES;
				CLANG_WARN_OBJC_IMPLICIT_RETAIN_SELF = YES;
				CLANG_WARN_OBJC_LITERAL_CONVERSION = YES;
				CLANG_WARN_OBJC_ROOT_CLASS = YES_ERROR;
				CLANG_WARN_QUOTED_INCLUDE_IN_FRAMEWORK_HEADER = YES;
				CLANG_WARN_RANGE_LOOP_ANALYSIS = YES;
				CLANG_WARN_STRICT_PROTOTYPES = YES;
				CLANG_WARN_SUSPICIOUS_MOVE = YES;
				CLANG_WARN_UNGUARDED_AVAILABILITY = YES_AGGRESSIVE;
				CLANG_WARN_UNREACHABLE_CODE = YES;
				CLANG_WARN__DUPLICATE_METHOD_MATCH = YES;
				COPY_PHASE_STRIP = NO;
				CURRENT_PROJECT_VERSION = 1;
				DEBUG_INFORMATION_FORMAT = "dwarf-with-dsym";
				ENABLE_NS_ASSERTIONS = NO;
				ENABLE_STRICT_OBJC_MSGSEND = YES;
				GCC_C_LANGUAGE_STANDARD = gnu11;
				GCC_NO_COMMON_BLOCKS = YES;
				GCC_WARN_64_TO_32_BIT_CONVERSION = YES;
				GCC_WARN_ABOUT_RETURN_TYPE = YES_ERROR;
				GCC_WARN_UNDECLARED_SELECTOR = YES;
				GCC_WARN_UNINITIALIZED_AUTOS = YES_AGGRESSIVE;
				GCC_WARN_UNUSED_FUNCTION = YES;
				GCC_WARN_UNUSED_VARIABLE = YES;
				IPHONEOS_DEPLOYMENT_TARGET = 13.0;
				MTL_ENABLE_DEBUG_INFO = NO;
				MTL_FAST_MATH = YES;
				SDKROOT = iphoneos;
				SWIFT_COMPILATION_MODE = wholemodule;
				SWIFT_OPTIMIZATION_LEVEL = "-O";
				SWIFT_VERSION = 5.0;
				VALIDATE_PRODUCT = YES;
				VERSIONING_SYSTEM = "apple-generic";
				VERSION_INFO_PREFIX = "";
			};
			name = Release;
		};
		416FCBF026E3BBF80044639E /* Debug */ = {
			isa = XCBuildConfiguration;
			buildSettings = {
				BUILD_LIBRARY_FOR_DISTRIBUTION = YES;
				CODE_SIGN_STYLE = Automatic;
				DEFINES_MODULE = YES;
				DYLIB_COMPATIBILITY_VERSION = 1;
				DYLIB_CURRENT_VERSION = 1;
				DYLIB_INSTALL_NAME_BASE = "@rpath";
				EMBED_ASSET_PACKS_IN_PRODUCT_BUNDLE = YES;
				INFOPLIST_FILE = MoyasarSdk/Info.plist;
				INSTALL_PATH = "$(LOCAL_LIBRARY_DIR)/Frameworks";
				IPHONEOS_DEPLOYMENT_TARGET = 13.0;
				LD_RUNPATH_SEARCH_PATHS = (
					"$(inherited)",
					"@executable_path/Frameworks",
					"@loader_path/Frameworks",
				);
				PRODUCT_BUNDLE_IDENTIFIER = com.moyasar.MoyasarSdk;
				PRODUCT_NAME = "$(TARGET_NAME:c99extidentifier)";
				SKIP_INSTALL = YES;
				SUPPORTS_MACCATALYST = NO;
				SWIFT_VERSION = 5.0;
				TARGETED_DEVICE_FAMILY = "1,2";
			};
			name = Debug;
		};
		416FCBF126E3BBF80044639E /* Release */ = {
			isa = XCBuildConfiguration;
			buildSettings = {
				BUILD_LIBRARY_FOR_DISTRIBUTION = YES;
				CODE_SIGN_STYLE = Automatic;
				DEFINES_MODULE = YES;
				DYLIB_COMPATIBILITY_VERSION = 1;
				DYLIB_CURRENT_VERSION = 1;
				DYLIB_INSTALL_NAME_BASE = "@rpath";
				EMBED_ASSET_PACKS_IN_PRODUCT_BUNDLE = YES;
				INFOPLIST_FILE = MoyasarSdk/Info.plist;
				INSTALL_PATH = "$(LOCAL_LIBRARY_DIR)/Frameworks";
				IPHONEOS_DEPLOYMENT_TARGET = 13.0;
				LD_RUNPATH_SEARCH_PATHS = (
					"$(inherited)",
					"@executable_path/Frameworks",
					"@loader_path/Frameworks",
				);
				PRODUCT_BUNDLE_IDENTIFIER = com.moyasar.MoyasarSdk;
				PRODUCT_NAME = "$(TARGET_NAME:c99extidentifier)";
				SKIP_INSTALL = YES;
				SUPPORTS_MACCATALYST = NO;
				SWIFT_VERSION = 5.0;
				TARGETED_DEVICE_FAMILY = "1,2";
			};
			name = Release;
		};
		416FCBF326E3BBF80044639E /* Debug */ = {
			isa = XCBuildConfiguration;
			buildSettings = {
				ALWAYS_EMBED_SWIFT_STANDARD_LIBRARIES = YES;
				CODE_SIGN_STYLE = Automatic;
				INFOPLIST_FILE = MoyasarSdkTests/Info.plist;
				LD_RUNPATH_SEARCH_PATHS = (
					"$(inherited)",
					"@executable_path/Frameworks",
					"@loader_path/Frameworks",
				);
				PRODUCT_BUNDLE_IDENTIFIER = com.moyasar.MoyasarSdkTests;
				PRODUCT_NAME = "$(TARGET_NAME)";
				SWIFT_VERSION = 5.0;
				TARGETED_DEVICE_FAMILY = "1,2";
			};
			name = Debug;
		};
		416FCBF426E3BBF80044639E /* Release */ = {
			isa = XCBuildConfiguration;
			buildSettings = {
				ALWAYS_EMBED_SWIFT_STANDARD_LIBRARIES = YES;
				CODE_SIGN_STYLE = Automatic;
				INFOPLIST_FILE = MoyasarSdkTests/Info.plist;
				LD_RUNPATH_SEARCH_PATHS = (
					"$(inherited)",
					"@executable_path/Frameworks",
					"@loader_path/Frameworks",
				);
				PRODUCT_BUNDLE_IDENTIFIER = com.moyasar.MoyasarSdkTests;
				PRODUCT_NAME = "$(TARGET_NAME)";
				SWIFT_VERSION = 5.0;
				TARGETED_DEVICE_FAMILY = "1,2";
			};
			name = Release;
		};
/* End XCBuildConfiguration section */

/* Begin XCConfigurationList section */
		416FCBD526E3BBF80044639E /* Build configuration list for PBXProject "MoyasarSdk" */ = {
			isa = XCConfigurationList;
			buildConfigurations = (
				416FCBED26E3BBF80044639E /* Debug */,
				416FCBEE26E3BBF80044639E /* Release */,
			);
			defaultConfigurationIsVisible = 0;
			defaultConfigurationName = Release;
		};
		416FCBEF26E3BBF80044639E /* Build configuration list for PBXNativeTarget "MoyasarSdk" */ = {
			isa = XCConfigurationList;
			buildConfigurations = (
				416FCBF026E3BBF80044639E /* Debug */,
				416FCBF126E3BBF80044639E /* Release */,
			);
			defaultConfigurationIsVisible = 0;
			defaultConfigurationName = Release;
		};
		416FCBF226E3BBF80044639E /* Build configuration list for PBXNativeTarget "MoyasarSdkTests" */ = {
			isa = XCConfigurationList;
			buildConfigurations = (
				416FCBF326E3BBF80044639E /* Debug */,
				416FCBF426E3BBF80044639E /* Release */,
			);
			defaultConfigurationIsVisible = 0;
			defaultConfigurationName = Release;
		};
/* End XCConfigurationList section */
	};
	rootObject = 416FCBD226E3BBF80044639E /* Project object */;
}
